
Microsoft Visual Studio Solution File, Format Version 12.00
# Visual Studio 2012
Project("{FAE04EC0-301F-11D3-BF4B-00C04F79EFBC}") = "WinUsbRx", "WinUsbRx\WinUsbRx.csproj", "{B73409F4-40DD-4182-BD1C-E37EBA9230A7}"
EndProject
Project("{FAE04EC0-301F-11D3-BF4B-00C04F79EFBC}") = "WinUsbRx.Tests", "WinUsbRx.Tests\WinUsbRx.Tests.csproj", "{04CDCA73-D492-4146-B8C5-03A1BCC71D42}"
EndProject
Global
	GlobalSection(SolutionConfigurationPlatforms) = preSolution
		Debug|Any CPU = Debug|Any CPU
		Release|Any CPU = Release|Any CPU
	EndGlobalSection
	GlobalSection(ProjectConfigurationPlatforms) = postSolution
		{B73409F4-40DD-4182-BD1C-E37EBA9230A7}.Debug|Any CPU.ActiveCfg = Debug|Any CPU
		{B73409F4-40DD-4182-BD1C-E37EBA9230A7}.Debug|Any CPU.Build.0 = Debug|Any CPU
		{B73409F4-40DD-4182-BD1C-E37EBA9230A7}.Release|Any CPU.ActiveCfg = Release|Any CPU
		{B73409F4-40DD-4182-BD1C-E37EBA9230A7}.Release|Any CPU.Build.0 = Release|Any CPU
		{04CDCA73-D492-4146-B8C5-03A1BCC71D42}.Debug|Any CPU.ActiveCfg = Debug|Any CPU
		{04CDCA73-D492-4146-B8C5-03A1BCC71D42}.Debug|Any CPU.Build.0 = Debug|Any CPU
		{04CDCA73-D492-4146-B8C5-03A1BCC71D42}.Release|Any CPU.ActiveCfg = Release|Any CPU
		{04CDCA73-D492-4146-B8C5-03A1BCC71D42}.Release|Any CPU.Build.0 = Release|Any CPU
	EndGlobalSection
	GlobalSection(SolutionProperties) = preSolution
		HideSolutionNode = FALSE
	EndGlobalSection
EndGlobal
